
Microsoft Visual Studio Solution File, Format Version 12.00
# Visual Studio Version 17
VisualStudioVersion = 17.3.32929.385
MinimumVisualStudioVersion = 10.0.40219.1
Project("{9A19103F-16F7-4668-BE54-9A1E7A4F7556}") = "SimpleLinkedList", "SimpleLinkedList\SimpleLinkedList.csproj", "{BA58E260-70A4-4346-AE0A-AC1C4068C3EA}"
EndProject
Project("{FAE04EC0-301F-11D3-BF4B-00C04F79EFBC}") = "LinkedListTwoWays", "LinkedListTwoWays\LinkedListTwoWays.csproj", "{C25F2F42-ECD3-4600-9A85-2587EF40F9E6}"
EndProject
Global
	GlobalSection(SolutionConfigurationPlatforms) = preSolution
		Debug|Any CPU = Debug|Any CPU
		Release|Any CPU = Release|Any CPU
	EndGlobalSection
	GlobalSection(ProjectConfigurationPlatforms) = postSolution
		{BA58E260-70A4-4346-AE0A-AC1C4068C3EA}.Debug|Any CPU.ActiveCfg = Debug|Any CPU
		{BA58E260-70A4-4346-AE0A-AC1C4068C3EA}.Debug|Any CPU.Build.0 = Debug|Any CPU
		{BA58E260-70A4-4346-AE0A-AC1C4068C3EA}.Release|Any CPU.ActiveCfg = Release|Any CPU
		{BA58E260-70A4-4346-AE0A-AC1C4068C3EA}.Release|Any CPU.Build.0 = Release|Any CPU
		{C25F2F42-ECD3-4600-9A85-2587EF40F9E6}.Debug|Any CPU.ActiveCfg = Debug|Any CPU
		{C25F2F42-ECD3-4600-9A85-2587EF40F9E6}.Debug|Any CPU.Build.0 = Debug|Any CPU
		{C25F2F42-ECD3-4600-9A85-2587EF40F9E6}.Release|Any CPU.ActiveCfg = Release|Any CPU
		{C25F2F42-ECD3-4600-9A85-2587EF40F9E6}.Release|Any CPU.Build.0 = Release|Any CPU
	EndGlobalSection
	GlobalSection(SolutionProperties) = preSolution
		HideSolutionNode = FALSE
	EndGlobalSection
	GlobalSection(ExtensibilityGlobals) = postSolution
		SolutionGuid = {45FEE042-A6DA-4E7F-BB21-933B4C0AC23B}
	EndGlobalSection
EndGlobal
